
Microsoft Visual Studio Solution File, Format Version 12.00
# Visual Studio Version 17
VisualStudioVersion = 17.3.32901.215
MinimumVisualStudioVersion = 10.0.40219.1
Project("{FAE04EC0-301F-11D3-BF4B-00C04F79EFBC}") = "Module12.Prac", "12ModulePRAC\Module12.Prac.csproj", "{88B7A671-FA97-47A2-9D69-A1F55C52A2F2}"
EndProject
Global
	GlobalSection(SolutionConfigurationPlatforms) = preSolution
		Debug|Any CPU = Debug|Any CPU
		Release|Any CPU = Release|Any CPU
	EndGlobalSection
	GlobalSection(ProjectConfigurationPlatforms) = postSolution
		{88B7A671-FA97-47A2-9D69-A1F55C52A2F2}.Debug|Any CPU.ActiveCfg = Debug|Any CPU
		{88B7A671-FA97-47A2-9D69-A1F55C52A2F2}.Debug|Any CPU.Build.0 = Debug|Any CPU
		{88B7A671-FA97-47A2-9D69-A1F55C52A2F2}.Release|Any CPU.ActiveCfg = Release|Any CPU
		{88B7A671-FA97-47A2-9D69-A1F55C52A2F2}.Release|Any CPU.Build.0 = Release|Any CPU
	EndGlobalSection
	GlobalSection(SolutionProperties) = preSolution
		HideSolutionNode = FALSE
	EndGlobalSection
	GlobalSection(ExtensibilityGlobals) = postSolution
		SolutionGuid = {0B49DD22-30E0-4A24-9F24-AB9BBD8CFA86}
	EndGlobalSection
EndGlobal
